
Microsoft Visual Studio Solution File, Format Version 12.00
# Visual Studio Version 17
VisualStudioVersion = 17.9.34622.214
MinimumVisualStudioVersion = 10.0.40219.1
Project("{FAE04EC0-301F-11D3-BF4B-00C04F79EFBC}") = "Po1640_Klikacka", "Po1640_Klikacka\Po1640_Klikacka.csproj", "{12B8C850-8B76-42A8-9CA1-7D39D4B987FF}"
EndProject
Global
	GlobalSection(SolutionConfigurationPlatforms) = preSolution
		Debug|Any CPU = Debug|Any CPU
		Release|Any CPU = Release|Any CPU
	EndGlobalSection
	GlobalSection(ProjectConfigurationPlatforms) = postSolution
		{12B8C850-8B76-42A8-9CA1-7D39D4B987FF}.Debug|Any CPU.ActiveCfg = Debug|Any CPU
		{12B8C850-8B76-42A8-9CA1-7D39D4B987FF}.Debug|Any CPU.Build.0 = Debug|Any CPU
		{12B8C850-8B76-42A8-9CA1-7D39D4B987FF}.Release|Any CPU.ActiveCfg = Release|Any CPU
		{12B8C850-8B76-42A8-9CA1-7D39D4B987FF}.Release|Any CPU.Build.0 = Release|Any CPU
	EndGlobalSection
	GlobalSection(SolutionProperties) = preSolution
		HideSolutionNode = FALSE
	EndGlobalSection
	GlobalSection(ExtensibilityGlobals) = postSolution
		SolutionGuid = {24C34883-1102-4CE1-B253-611B52D95099}
	EndGlobalSection
EndGlobal
